
Microsoft Visual Studio Solution File, Format Version 12.00
# Visual Studio Version 17
VisualStudioVersion = 17.3.32804.467
MinimumVisualStudioVersion = 10.0.40219.1
Project("{FAE04EC0-301F-11D3-BF4B-00C04F79EFBC}") = "HelloWorld", "HelloWorld\HelloWorld.csproj", "{8145929B-AEE7-4A46-85E3-6AA4A361FD53}"
EndProject
Global
	GlobalSection(SolutionConfigurationPlatforms) = preSolution
		Debug|Any CPU = Debug|Any CPU
		Release|Any CPU = Release|Any CPU
	EndGlobalSection
	GlobalSection(ProjectConfigurationPlatforms) = postSolution
		{8145929B-AEE7-4A46-85E3-6AA4A361FD53}.Debug|Any CPU.ActiveCfg = Debug|Any CPU
		{8145929B-AEE7-4A46-85E3-6AA4A361FD53}.Debug|Any CPU.Build.0 = Debug|Any CPU
		{8145929B-AEE7-4A46-85E3-6AA4A361FD53}.Release|Any CPU.ActiveCfg = Release|Any CPU
		{8145929B-AEE7-4A46-85E3-6AA4A361FD53}.Release|Any CPU.Build.0 = Release|Any CPU
	EndGlobalSection
	GlobalSection(SolutionProperties) = preSolution
		HideSolutionNode = FALSE
	EndGlobalSection
	GlobalSection(ExtensibilityGlobals) = postSolution
		SolutionGuid = {B3E0F191-A02D-4607-86E3-8029F5BCEE49}
	EndGlobalSection
EndGlobal
